
Microsoft Visual Studio Solution File, Format Version 12.00
# Visual Studio Version 16
VisualStudioVersion = 16.0.29613.14
MinimumVisualStudioVersion = 10.0.40219.1
Project("{FAE04EC0-301F-11D3-BF4B-00C04F79EFBC}") = "one-time-pad-tool", "one-time-pad-tool\one-time-pad-tool.csproj", "{351034A8-ED1B-4DA9-8555-9A95793FD8FB}"
EndProject
Global
	GlobalSection(SolutionConfigurationPlatforms) = preSolution
		Debug|Any CPU = Debug|Any CPU
		Release|Any CPU = Release|Any CPU
	EndGlobalSection
	GlobalSection(ProjectConfigurationPlatforms) = postSolution
		{351034A8-ED1B-4DA9-8555-9A95793FD8FB}.Debug|Any CPU.ActiveCfg = Debug|Any CPU
		{351034A8-ED1B-4DA9-8555-9A95793FD8FB}.Debug|Any CPU.Build.0 = Debug|Any CPU
		{351034A8-ED1B-4DA9-8555-9A95793FD8FB}.Release|Any CPU.ActiveCfg = Release|Any CPU
		{351034A8-ED1B-4DA9-8555-9A95793FD8FB}.Release|Any CPU.Build.0 = Release|Any CPU
	EndGlobalSection
	GlobalSection(SolutionProperties) = preSolution
		HideSolutionNode = FALSE
	EndGlobalSection
	GlobalSection(ExtensibilityGlobals) = postSolution
		SolutionGuid = {BCFD34AD-4C28-496B-B4A0-BE171EB2B98B}
	EndGlobalSection
EndGlobal
